
Microsoft Visual Studio Solution File, Format Version 12.00
# Visual Studio 2012
Project("{FAE04EC0-301F-11D3-BF4B-00C04F79EFBC}") = "ACM.BL", "ACM.BL\ACM.BL.csproj", "{21F6275E-6717-4FF9-BA26-627094C50E88}"
EndProject
Project("{2150E333-8FDC-42A3-9474-1A3956D46DE8}") = "Tests", "Tests", "{EB8363BE-E69E-4C88-A9E6-E663FBDF9830}"
EndProject
Project("{FAE04EC0-301F-11D3-BF4B-00C04F79EFBC}") = "ACM.BL.Test", "ACM.BL.Test\ACM.BL.Test.csproj", "{E848B1DB-42FB-40B4-80F9-1421A2DF6913}"
EndProject
Project("{FAE04EC0-301F-11D3-BF4B-00C04F79EFBC}") = "ACM.Library", "ACM.Library\ACM.Library.csproj", "{B070B0BC-6992-438C-BF2F-447B8EC82F09}"
EndProject
Project("{FAE04EC0-301F-11D3-BF4B-00C04F79EFBC}") = "ACM.Library.Test", "ACM.Library.Test\ACM.Library.Test.csproj", "{E0A16B85-645B-4644-9466-2DC97AA4013B}"
EndProject
Project("{FAE04EC0-301F-11D3-BF4B-00C04F79EFBC}") = "ACM.Win", "ACM.Win\ACM.Win.csproj", "{8FCD71AC-560E-466E-A428-A9E26968C326}"
EndProject
Project("{FAE04EC0-301F-11D3-BF4B-00C04F79EFBC}") = "ACM.WPF", "ACM.WPF\ACM.WPF.csproj", "{CF28466F-C5E1-4EBD-B18B-32A7043362A8}"
EndProject
Global
	GlobalSection(TeamFoundationVersionControl) = preSolution
		SccNumberOfProjects = 7
		SccEnterpriseProvider = {4CA58AB2-18FA-4F8D-95D4-32DDF27D184C}
		SccTeamFoundationServer = https://deborahkurata.visualstudio.com/defaultcollection
		SccLocalPath0 = .
		SccProjectUniqueName1 = ACM.BL.Test\\ACM.BL.Test.csproj
		SccProjectTopLevelParentUniqueName1 = ACM.sln
		SccProjectName1 = ACM.BL.Test
		SccLocalPath1 = ACM.BL.Test
		SccProjectUniqueName2 = ACM.BL\\ACM.BL.csproj
		SccProjectName2 = ACM.BL
		SccLocalPath2 = ACM.BL
		SccProjectUniqueName3 = ACM.Library.Test\\ACM.Library.Test.csproj
		SccProjectTopLevelParentUniqueName3 = ACM.sln
		SccProjectName3 = ACM.Library.Test
		SccLocalPath3 = ACM.Library.Test
		SccProjectUniqueName4 = ACM.Library\\ACM.Library.csproj
		SccProjectName4 = ACM.Library
		SccLocalPath4 = ACM.Library
		SccProjectUniqueName5 = ACM.Win\\ACM.Win.csproj
		SccProjectName5 = ACM.Win
		SccLocalPath5 = ACM.Win
		SccProjectUniqueName6 = ACM.WPF\\ACM.WPF.csproj
		SccProjectName6 = ACM.WPF
		SccLocalPath6 = ACM.WPF
	EndGlobalSection
	GlobalSection(SolutionConfigurationPlatforms) = preSolution
		Debug|Any CPU = Debug|Any CPU
		Release|Any CPU = Release|Any CPU
	EndGlobalSection
	GlobalSection(ProjectConfigurationPlatforms) = postSolution
		{21F6275E-6717-4FF9-BA26-627094C50E88}.Debug|Any CPU.ActiveCfg = Debug|Any CPU
		{21F6275E-6717-4FF9-BA26-627094C50E88}.Debug|Any CPU.Build.0 = Debug|Any CPU
		{21F6275E-6717-4FF9-BA26-627094C50E88}.Release|Any CPU.ActiveCfg = Release|Any CPU
		{21F6275E-6717-4FF9-BA26-627094C50E88}.Release|Any CPU.Build.0 = Release|Any CPU
		{E848B1DB-42FB-40B4-80F9-1421A2DF6913}.Debug|Any CPU.ActiveCfg = Debug|Any CPU
		{E848B1DB-42FB-40B4-80F9-1421A2DF6913}.Debug|Any CPU.Build.0 = Debug|Any CPU
		{E848B1DB-42FB-40B4-80F9-1421A2DF6913}.Release|Any CPU.ActiveCfg = Release|Any CPU
		{E848B1DB-42FB-40B4-80F9-1421A2DF6913}.Release|Any CPU.Build.0 = Release|Any CPU
		{B070B0BC-6992-438C-BF2F-447B8EC82F09}.Debug|Any CPU.ActiveCfg = Debug|Any CPU
		{B070B0BC-6992-438C-BF2F-447B8EC82F09}.Debug|Any CPU.Build.0 = Debug|Any CPU
		{B070B0BC-6992-438C-BF2F-447B8EC82F09}.Release|Any CPU.ActiveCfg = Release|Any CPU
		{B070B0BC-6992-438C-BF2F-447B8EC82F09}.Release|Any CPU.Build.0 = Release|Any CPU
		{E0A16B85-645B-4644-9466-2DC97AA4013B}.Debug|Any CPU.ActiveCfg = Debug|Any CPU
		{E0A16B85-645B-4644-9466-2DC97AA4013B}.Debug|Any CPU.Build.0 = Debug|Any CPU
		{E0A16B85-645B-4644-9466-2DC97AA4013B}.Release|Any CPU.ActiveCfg = Release|Any CPU
		{E0A16B85-645B-4644-9466-2DC97AA4013B}.Release|Any CPU.Build.0 = Release|Any CPU
		{8FCD71AC-560E-466E-A428-A9E26968C326}.Debug|Any CPU.ActiveCfg = Debug|Any CPU
		{8FCD71AC-560E-466E-A428-A9E26968C326}.Debug|Any CPU.Build.0 = Debug|Any CPU
		{8FCD71AC-560E-466E-A428-A9E26968C326}.Release|Any CPU.ActiveCfg = Release|Any CPU
		{8FCD71AC-560E-466E-A428-A9E26968C326}.Release|Any CPU.Build.0 = Release|Any CPU
		{CF28466F-C5E1-4EBD-B18B-32A7043362A8}.Debug|Any CPU.ActiveCfg = Debug|Any CPU
		{CF28466F-C5E1-4EBD-B18B-32A7043362A8}.Debug|Any CPU.Build.0 = Debug|Any CPU
		{CF28466F-C5E1-4EBD-B18B-32A7043362A8}.Release|Any CPU.ActiveCfg = Release|Any CPU
		{CF28466F-C5E1-4EBD-B18B-32A7043362A8}.Release|Any CPU.Build.0 = Release|Any CPU
	EndGlobalSection
	GlobalSection(SolutionProperties) = preSolution
		HideSolutionNode = FALSE
	EndGlobalSection
	GlobalSection(NestedProjects) = preSolution
		{E848B1DB-42FB-40B4-80F9-1421A2DF6913} = {EB8363BE-E69E-4C88-A9E6-E663FBDF9830}
		{E0A16B85-645B-4644-9466-2DC97AA4013B} = {EB8363BE-E69E-4C88-A9E6-E663FBDF9830}
	EndGlobalSection
EndGlobal
