
Microsoft Visual Studio Solution File, Format Version 12.00
# Visual Studio 2012
Project("{FAE04EC0-301F-11D3-BF4B-00C04F79EFBC}") = "ACM.BL", "ACM.BL\ACM.BL.csproj", "{21F6275E-6717-4FF9-BA26-627094C50E88}"
EndProject
Project("{2150E333-8FDC-42A3-9474-1A3956D46DE8}") = "Tests", "Tests", "{EB8363BE-E69E-4C88-A9E6-E663FBDF9830}"
EndProject
Project("{FAE04EC0-301F-11D3-BF4B-00C04F79EFBC}") = "ACM.BL.Test", "ACM.BL.Test\ACM.BL.Test.csproj", "{E848B1DB-42FB-40B4-80F9-1421A2DF6913}"
EndProject
Project("{FAE04EC0-301F-11D3-BF4B-00C04F79EFBC}") = "ACM.Library", "ACM.Library\ACM.Library.csproj", "{B070B0BC-6992-438C-BF2F-447B8EC82F09}"
EndProject
Project("{FAE04EC0-301F-11D3-BF4B-00C04F79EFBC}") = "ACM.Library.Test", "ACM.Library.Test\ACM.Library.Test.csproj", "{E0A16B85-645B-4644-9466-2DC97AA4013B}"
EndProject
Global
	GlobalSection(SolutionConfigurationPlatforms) = preSolution
		Debug|Any CPU = Debug|Any CPU
		Release|Any CPU = Release|Any CPU
	EndGlobalSection
	GlobalSection(ProjectConfigurationPlatforms) = postSolution
		{21F6275E-6717-4FF9-BA26-627094C50E88}.Debug|Any CPU.ActiveCfg = Debug|Any CPU
		{21F6275E-6717-4FF9-BA26-627094C50E88}.Debug|Any CPU.Build.0 = Debug|Any CPU
		{21F6275E-6717-4FF9-BA26-627094C50E88}.Release|Any CPU.ActiveCfg = Release|Any CPU
		{21F6275E-6717-4FF9-BA26-627094C50E88}.Release|Any CPU.Build.0 = Release|Any CPU
		{E848B1DB-42FB-40B4-80F9-1421A2DF6913}.Debug|Any CPU.ActiveCfg = Debug|Any CPU
		{E848B1DB-42FB-40B4-80F9-1421A2DF6913}.Debug|Any CPU.Build.0 = Debug|Any CPU
		{E848B1DB-42FB-40B4-80F9-1421A2DF6913}.Release|Any CPU.ActiveCfg = Release|Any CPU
		{E848B1DB-42FB-40B4-80F9-1421A2DF6913}.Release|Any CPU.Build.0 = Release|Any CPU
		{B070B0BC-6992-438C-BF2F-447B8EC82F09}.Debug|Any CPU.ActiveCfg = Debug|Any CPU
		{B070B0BC-6992-438C-BF2F-447B8EC82F09}.Debug|Any CPU.Build.0 = Debug|Any CPU
		{B070B0BC-6992-438C-BF2F-447B8EC82F09}.Release|Any CPU.ActiveCfg = Release|Any CPU
		{B070B0BC-6992-438C-BF2F-447B8EC82F09}.Release|Any CPU.Build.0 = Release|Any CPU
		{E0A16B85-645B-4644-9466-2DC97AA4013B}.Debug|Any CPU.ActiveCfg = Debug|Any CPU
		{E0A16B85-645B-4644-9466-2DC97AA4013B}.Debug|Any CPU.Build.0 = Debug|Any CPU
		{E0A16B85-645B-4644-9466-2DC97AA4013B}.Release|Any CPU.ActiveCfg = Release|Any CPU
		{E0A16B85-645B-4644-9466-2DC97AA4013B}.Release|Any CPU.Build.0 = Release|Any CPU
	EndGlobalSection
	GlobalSection(SolutionProperties) = preSolution
		HideSolutionNode = FALSE
	EndGlobalSection
	GlobalSection(NestedProjects) = preSolution
		{E848B1DB-42FB-40B4-80F9-1421A2DF6913} = {EB8363BE-E69E-4C88-A9E6-E663FBDF9830}
		{E0A16B85-645B-4644-9466-2DC97AA4013B} = {EB8363BE-E69E-4C88-A9E6-E663FBDF9830}
	EndGlobalSection
EndGlobal
